
Microsoft Visual Studio Solution File, Format Version 12.00
# Visual Studio Version 17
VisualStudioVersion = 17.5.002.0
MinimumVisualStudioVersion = 10.0.40219.1
Project("{9A19103F-16F7-4668-BE54-9A1E7A4F7556}") = "chao", "chao.csproj", "{77879D05-C553-455F-920A-B5C0CC76283B}"
EndProject
Global
	GlobalSection(SolutionConfigurationPlatforms) = preSolution
		Debug|Any CPU = Debug|Any CPU
		Release|Any CPU = Release|Any CPU
	EndGlobalSection
	GlobalSection(ProjectConfigurationPlatforms) = postSolution
		{77879D05-C553-455F-920A-B5C0CC76283B}.Debug|Any CPU.ActiveCfg = Debug|Any CPU
		{77879D05-C553-455F-920A-B5C0CC76283B}.Debug|Any CPU.Build.0 = Debug|Any CPU
		{77879D05-C553-455F-920A-B5C0CC76283B}.Release|Any CPU.ActiveCfg = Release|Any CPU
		{77879D05-C553-455F-920A-B5C0CC76283B}.Release|Any CPU.Build.0 = Release|Any CPU
	EndGlobalSection
	GlobalSection(SolutionProperties) = preSolution
		HideSolutionNode = FALSE
	EndGlobalSection
	GlobalSection(ExtensibilityGlobals) = postSolution
		SolutionGuid = {9AC67B5B-BB2C-4C0C-81CB-72BE46E00795}
	EndGlobalSection
EndGlobal
